
Microsoft Visual Studio Solution File, Format Version 12.00
# Visual Studio 14
VisualStudioVersion = 14.0.24720.0
MinimumVisualStudioVersion = 10.0.40219.1
Project("{FAE04EC0-301F-11D3-BF4B-00C04F79EFBC}") = "Common", "Common\Common.csproj", "{54F81B59-A52F-436A-A7D4-43A02B117058}"
EndProject
Project("{FAE04EC0-301F-11D3-BF4B-00C04F79EFBC}") = "M2Mqtt.Client", "M2Mqtt.Client\M2Mqtt.Client.csproj", "{5DA2336E-0211-41D6-A4BC-307EEC2824E0}"
EndProject
Project("{FAE04EC0-301F-11D3-BF4B-00C04F79EFBC}") = "Rabbit.Client", "Rabbit.Client\Rabbit.Client.csproj", "{BC823A23-1C95-465B-ABBC-E1123D63C69E}"
EndProject
Project("{FAE04EC0-301F-11D3-BF4B-00C04F79EFBC}") = "Rabbit.Server", "Rabbit.Server\Rabbit.Server.csproj", "{949581B3-91EC-4D8F-B47D-77A34E36E0C3}"
EndProject
Project("{8BC9CEB8-8B4A-11D0-8D11-00A0C91BC942}") = "NodeMcu", "NodeMcu\NodeMcu.vcxproj", "{C5F80730-F44F-4478-BDAE-6634EFC2CA88}"
EndProject
Global
	GlobalSection(SolutionConfigurationPlatforms) = preSolution
		Debug|Any CPU = Debug|Any CPU
		Debug|x86 = Debug|x86
		Release|Any CPU = Release|Any CPU
		Release|x86 = Release|x86
	EndGlobalSection
	GlobalSection(ProjectConfigurationPlatforms) = postSolution
		{54F81B59-A52F-436A-A7D4-43A02B117058}.Debug|Any CPU.ActiveCfg = Debug|Any CPU
		{54F81B59-A52F-436A-A7D4-43A02B117058}.Debug|Any CPU.Build.0 = Debug|Any CPU
		{54F81B59-A52F-436A-A7D4-43A02B117058}.Debug|x86.ActiveCfg = Debug|Any CPU
		{54F81B59-A52F-436A-A7D4-43A02B117058}.Debug|x86.Build.0 = Debug|Any CPU
		{54F81B59-A52F-436A-A7D4-43A02B117058}.Release|Any CPU.ActiveCfg = Release|Any CPU
		{54F81B59-A52F-436A-A7D4-43A02B117058}.Release|Any CPU.Build.0 = Release|Any CPU
		{54F81B59-A52F-436A-A7D4-43A02B117058}.Release|x86.ActiveCfg = Release|Any CPU
		{54F81B59-A52F-436A-A7D4-43A02B117058}.Release|x86.Build.0 = Release|Any CPU
		{5DA2336E-0211-41D6-A4BC-307EEC2824E0}.Debug|Any CPU.ActiveCfg = Debug|Any CPU
		{5DA2336E-0211-41D6-A4BC-307EEC2824E0}.Debug|Any CPU.Build.0 = Debug|Any CPU
		{5DA2336E-0211-41D6-A4BC-307EEC2824E0}.Debug|x86.ActiveCfg = Debug|Any CPU
		{5DA2336E-0211-41D6-A4BC-307EEC2824E0}.Debug|x86.Build.0 = Debug|Any CPU
		{5DA2336E-0211-41D6-A4BC-307EEC2824E0}.Release|Any CPU.ActiveCfg = Release|Any CPU
		{5DA2336E-0211-41D6-A4BC-307EEC2824E0}.Release|Any CPU.Build.0 = Release|Any CPU
		{5DA2336E-0211-41D6-A4BC-307EEC2824E0}.Release|x86.ActiveCfg = Release|Any CPU
		{5DA2336E-0211-41D6-A4BC-307EEC2824E0}.Release|x86.Build.0 = Release|Any CPU
		{BC823A23-1C95-465B-ABBC-E1123D63C69E}.Debug|Any CPU.ActiveCfg = Debug|Any CPU
		{BC823A23-1C95-465B-ABBC-E1123D63C69E}.Debug|Any CPU.Build.0 = Debug|Any CPU
		{BC823A23-1C95-465B-ABBC-E1123D63C69E}.Debug|x86.ActiveCfg = Debug|Any CPU
		{BC823A23-1C95-465B-ABBC-E1123D63C69E}.Debug|x86.Build.0 = Debug|Any CPU
		{BC823A23-1C95-465B-ABBC-E1123D63C69E}.Release|Any CPU.ActiveCfg = Release|Any CPU
		{BC823A23-1C95-465B-ABBC-E1123D63C69E}.Release|Any CPU.Build.0 = Release|Any CPU
		{BC823A23-1C95-465B-ABBC-E1123D63C69E}.Release|x86.ActiveCfg = Release|Any CPU
		{BC823A23-1C95-465B-ABBC-E1123D63C69E}.Release|x86.Build.0 = Release|Any CPU
		{949581B3-91EC-4D8F-B47D-77A34E36E0C3}.Debug|Any CPU.ActiveCfg = Debug|Any CPU
		{949581B3-91EC-4D8F-B47D-77A34E36E0C3}.Debug|Any CPU.Build.0 = Debug|Any CPU
		{949581B3-91EC-4D8F-B47D-77A34E36E0C3}.Debug|x86.ActiveCfg = Debug|Any CPU
		{949581B3-91EC-4D8F-B47D-77A34E36E0C3}.Debug|x86.Build.0 = Debug|Any CPU
		{949581B3-91EC-4D8F-B47D-77A34E36E0C3}.Release|Any CPU.ActiveCfg = Release|Any CPU
		{949581B3-91EC-4D8F-B47D-77A34E36E0C3}.Release|Any CPU.Build.0 = Release|Any CPU
		{949581B3-91EC-4D8F-B47D-77A34E36E0C3}.Release|x86.ActiveCfg = Release|Any CPU
		{949581B3-91EC-4D8F-B47D-77A34E36E0C3}.Release|x86.Build.0 = Release|Any CPU
		{C5F80730-F44F-4478-BDAE-6634EFC2CA88}.Debug|Any CPU.ActiveCfg = Debug|Win32
		{C5F80730-F44F-4478-BDAE-6634EFC2CA88}.Debug|x86.ActiveCfg = Debug|Win32
		{C5F80730-F44F-4478-BDAE-6634EFC2CA88}.Debug|x86.Build.0 = Debug|Win32
		{C5F80730-F44F-4478-BDAE-6634EFC2CA88}.Release|Any CPU.ActiveCfg = Release|Win32
		{C5F80730-F44F-4478-BDAE-6634EFC2CA88}.Release|x86.ActiveCfg = Release|Win32
		{C5F80730-F44F-4478-BDAE-6634EFC2CA88}.Release|x86.Build.0 = Release|Win32
	EndGlobalSection
	GlobalSection(SolutionProperties) = preSolution
		HideSolutionNode = FALSE
	EndGlobalSection
EndGlobal
